
Microsoft Visual Studio Solution File, Format Version 12.00
# Visual Studio Version 16
VisualStudioVersion = 16.0.31702.278
MinimumVisualStudioVersion = 10.0.40219.1
Project("{FAE04EC0-301F-11D3-BF4B-00C04F79EFBC}") = "VisualClass1", "VisualClass1\VisualClass1.csproj", "{B4728AD1-181F-461C-B52E-120A8F151A65}"
EndProject
Global
	GlobalSection(SolutionConfigurationPlatforms) = preSolution
		Debug|Any CPU = Debug|Any CPU
		Release|Any CPU = Release|Any CPU
	EndGlobalSection
	GlobalSection(ProjectConfigurationPlatforms) = postSolution
		{B4728AD1-181F-461C-B52E-120A8F151A65}.Debug|Any CPU.ActiveCfg = Debug|Any CPU
		{B4728AD1-181F-461C-B52E-120A8F151A65}.Debug|Any CPU.Build.0 = Debug|Any CPU
		{B4728AD1-181F-461C-B52E-120A8F151A65}.Release|Any CPU.ActiveCfg = Release|Any CPU
		{B4728AD1-181F-461C-B52E-120A8F151A65}.Release|Any CPU.Build.0 = Release|Any CPU
	EndGlobalSection
	GlobalSection(SolutionProperties) = preSolution
		HideSolutionNode = FALSE
	EndGlobalSection
	GlobalSection(ExtensibilityGlobals) = postSolution
		SolutionGuid = {7B1FF6C4-AD1D-4B04-AE7C-8B8A2BD5AE32}
	EndGlobalSection
EndGlobal
