
Microsoft Visual Studio Solution File, Format Version 12.00
# Visual Studio Version 16
VisualStudioVersion = 16.0.31702.278
MinimumVisualStudioVersion = 10.0.40219.1
Project("{FAE04EC0-301F-11D3-BF4B-00C04F79EFBC}") = "WindowsFormsApp1", "WindowsFormsApp1\WindowsFormsApp1.csproj", "{323CBDE4-21EB-4147-85EA-2BAAB7ABEAF9}"
EndProject
Global
	GlobalSection(SolutionConfigurationPlatforms) = preSolution
		Debug|Any CPU = Debug|Any CPU
		Release|Any CPU = Release|Any CPU
	EndGlobalSection
	GlobalSection(ProjectConfigurationPlatforms) = postSolution
		{323CBDE4-21EB-4147-85EA-2BAAB7ABEAF9}.Debug|Any CPU.ActiveCfg = Debug|Any CPU
		{323CBDE4-21EB-4147-85EA-2BAAB7ABEAF9}.Debug|Any CPU.Build.0 = Debug|Any CPU
		{323CBDE4-21EB-4147-85EA-2BAAB7ABEAF9}.Release|Any CPU.ActiveCfg = Release|Any CPU
		{323CBDE4-21EB-4147-85EA-2BAAB7ABEAF9}.Release|Any CPU.Build.0 = Release|Any CPU
	EndGlobalSection
	GlobalSection(SolutionProperties) = preSolution
		HideSolutionNode = FALSE
	EndGlobalSection
	GlobalSection(ExtensibilityGlobals) = postSolution
		SolutionGuid = {DEB9020D-AE05-442A-B015-4DF9D0A171E8}
	EndGlobalSection
EndGlobal
