
Microsoft Visual Studio Solution File, Format Version 12.00
# Visual Studio Version 16
VisualStudioVersion = 16.0.31702.278
MinimumVisualStudioVersion = 10.0.40219.1
Project("{FAE04EC0-301F-11D3-BF4B-00C04F79EFBC}") = "VisualProgramming 10 AbstractClass", "VisualProgramming 10 AbstractClass\VisualProgramming 10 AbstractClass.csproj", "{D4BC5166-6C79-4E9C-9314-21C81D8CA931}"
EndProject
Global
	GlobalSection(SolutionConfigurationPlatforms) = preSolution
		Debug|Any CPU = Debug|Any CPU
		Release|Any CPU = Release|Any CPU
	EndGlobalSection
	GlobalSection(ProjectConfigurationPlatforms) = postSolution
		{D4BC5166-6C79-4E9C-9314-21C81D8CA931}.Debug|Any CPU.ActiveCfg = Debug|Any CPU
		{D4BC5166-6C79-4E9C-9314-21C81D8CA931}.Debug|Any CPU.Build.0 = Debug|Any CPU
		{D4BC5166-6C79-4E9C-9314-21C81D8CA931}.Release|Any CPU.ActiveCfg = Release|Any CPU
		{D4BC5166-6C79-4E9C-9314-21C81D8CA931}.Release|Any CPU.Build.0 = Release|Any CPU
	EndGlobalSection
	GlobalSection(SolutionProperties) = preSolution
		HideSolutionNode = FALSE
	EndGlobalSection
	GlobalSection(ExtensibilityGlobals) = postSolution
		SolutionGuid = {2BD0418D-B638-464E-9C97-C0166CB55D01}
	EndGlobalSection
EndGlobal
